// !$*UTF8*$!
{
	archiveVersion = 1;
	classes = {
	};
	objectVersion = 50;
	objects = {

/* Begin PBXBuildFile section */
		3E712F46220EF369005264F0 /* AppDelegate.swift in Sources */ = {isa = PBXBuildFile; fileRef = 3E712F45220EF369005264F0 /* AppDelegate.swift */; };
		3E712F48220EF369005264F0 /* ViewController.swift in Sources */ = {isa = PBXBuildFile; fileRef = 3E712F47220EF369005264F0 /* ViewController.swift */; };
		3E712F4B220EF369005264F0 /* Main.storyboard in Resources */ = {isa = PBXBuildFile; fileRef = 3E712F49220EF369005264F0 /* Main.storyboard */; };
		3E712F4D220EF36A005264F0 /* Assets.xcassets in Resources */ = {isa = PBXBuildFile; fileRef = 3E712F4C220EF36A005264F0 /* Assets.xcassets */; };
		3E712F50220EF36A005264F0 /* LaunchScreen.storyboard in Resources */ = {isa = PBXBuildFile; fileRef = 3E712F4E220EF36A005264F0 /* LaunchScreen.storyboard */; };
		3E712F5B220EF36A005264F0 /* PulseExerciseTests.swift in Sources */ = {isa = PBXBuildFile; fileRef = 3E712F5A220EF36A005264F0 /* PulseExerciseTests.swift */; };
/* End PBXBuildFile section */

/* Begin PBXContainerItemProxy section */
		3E712F57220EF36A005264F0 /* PBXContainerItemProxy */ = {
			isa = PBXContainerItemProxy;
			containerPortal = 3E712F3A220EF369005264F0 /* Project object */;
			proxyType = 1;
			remoteGlobalIDString = 3E712F41220EF369005264F0;
			remoteInfo = PulseExercise;
		};
/* End PBXContainerItemProxy section */

/* Begin PBXFileReference section */
		3E712F42220EF369005264F0 /* PulseExercise.app */ = {isa = PBXFileReference; explicitFileType = wrapper.application; includeInIndex = 0; path = PulseExercise.app; sourceTree = BUILT_PRODUCTS_DIR; };
		3E712F45220EF369005264F0 /* AppDelegate.swift */ = {isa = PBXFileReference; lastKnownFileType = sourcecode.swift; path = AppDelegate.swift; sourceTree = "<group>"; };
		3E712F47220EF369005264F0 /* ViewController.swift */ = {isa = PBXFileReference; lastKnownFileType = sourcecode.swift; path = ViewController.swift; sourceTree = "<group>"; };
		3E712F4A220EF369005264F0 /* Base */ = {isa = PBXFileReference; lastKnownFileType = file.storyboard; name = Base; path = Base.lproj/Main.storyboard; sourceTree = "<group>"; };
		3E712F4C220EF36A005264F0 /* Assets.xcassets */ = {isa = PBXFileReference; lastKnownFileType = folder.assetcatalog; path = Assets.xcassets; sourceTree = "<group>"; };
		3E712F4F220EF36A005264F0 /* Base */ = {isa = PBXFileReference; lastKnownFileType = file.storyboard; name = Base; path = Base.lproj/LaunchScreen.storyboard; sourceTree = "<group>"; };
		3E712F51220EF36A005264F0 /* Info.plist */ = {isa = PBXFileReference; lastKnownFileType = text.plist.xml; path = Info.plist; sourceTree = "<group>"; };
		3E712F56220EF36A005264F0 /* PulseExerciseTests.xctest */ = {isa = PBXFileReference; explicitFileType = wrapper.cfbundle; includeInIndex = 0; path = PulseExerciseTests.xctest; sourceTree = BUILT_PRODUCTS_DIR; };
		3E712F5A220EF36A005264F0 /* PulseExerciseTests.swift */ = {isa = PBXFileReference; lastKnownFileType = sourcecode.swift; path = PulseExerciseTests.swift; sourceTree = "<group>"; };
		3E712F5C220EF36A005264F0 /* Info.plist */ = {isa = PBXFileReference; lastKnownFileType = text.plist.xml; path = Info.plist; sourceTree = "<group>"; };
/* End PBXFileReference section */

/* Begin PBXFrameworksBuildPhase section */
		3E712F3F220EF369005264F0 /* Frameworks */ = {
			isa = PBXFrameworksBuildPhase;
			buildActionMask = 2147483647;
			files = (
			);
			runOnlyForDeploymentPostprocessing = 0;
		};
		3E712F53220EF36A005264F0 /* Frameworks */ = {
			isa = PBXFrameworksBuildPhase;
			buildActionMask = 2147483647;
			files = (
			);
			runOnlyForDeploymentPostprocessing = 0;
		};
/* End PBXFrameworksBuildPhase section */

/* Begin PBXGroup section */
		3E712F39220EF369005264F0 = {
			isa = PBXGroup;
			children = (
				3E712F44220EF369005264F0 /* PulseExercise */,
				3E712F59220EF36A005264F0 /* PulseExerciseTests */,
				3E712F43220EF369005264F0 /* Products */,
			);
			sourceTree = "<group>";
		};
		3E712F43220EF369005264F0 /* Products */ = {
			isa = PBXGroup;
			children = (
				3E712F42220EF369005264F0 /* PulseExercise.app */,
				3E712F56220EF36A005264F0 /* PulseExerciseTests.xctest */,
			);
			name = Products;
			sourceTree = "<group>";
		};
		3E712F44220EF369005264F0 /* PulseExercise */ = {
			isa = PBXGroup;
			children = (
				3E712F45220EF369005264F0 /* AppDelegate.swift */,
				3E712F47220EF369005264F0 /* ViewController.swift */,
				3E712F49220EF369005264F0 /* Main.storyboard */,
				3E712F4C220EF36A005264F0 /* Assets.xcassets */,
				3E712F4E220EF36A005264F0 /* LaunchScreen.storyboard */,
				3E712F51220EF36A005264F0 /* Info.plist */,
			);
			path = PulseExercise;
			sourceTree = "<group>";
		};
		3E712F59220EF36A005264F0 /* PulseExerciseTests */ = {
			isa = PBXGroup;
			children = (
				3E712F5A220EF36A005264F0 /* PulseExerciseTests.swift */,
				3E712F5C220EF36A005264F0 /* Info.plist */,
			);
			path = PulseExerciseTests;
			sourceTree = "<group>";
		};
/* End PBXGroup section */

/* Begin PBXNativeTarget section */
		3E712F41220EF369005264F0 /* PulseExercise */ = {
			isa = PBXNativeTarget;
			buildConfigurationList = 3E712F5F220EF36A005264F0 /* Build configuration list for PBXNativeTarget "PulseExercise" */;
			buildPhases = (
				3E712F3E220EF369005264F0 /* Sources */,
				3E712F3F220EF369005264F0 /* Frameworks */,
				3E712F40220EF369005264F0 /* Resources */,
			);
			buildRules = (
			);
			dependencies = (
			);
			name = PulseExercise;
			productName = PulseExercise;
			productReference = 3E712F42220EF369005264F0 /* PulseExercise.app */;
			productType = "com.apple.product-type.application";
		};
		3E712F55220EF36A005264F0 /* PulseExerciseTests */ = {
			isa = PBXNativeTarget;
			buildConfigurationList = 3E712F62220EF36A005264F0 /* Build configuration list for PBXNativeTarget "PulseExerciseTests" */;
			buildPhases = (
				3E712F52220EF36A005264F0 /* Sources */,
				3E712F53220EF36A005264F0 /* Frameworks */,
				3E712F54220EF36A005264F0 /* Resources */,
			);
			buildRules = (
			);
			dependencies = (
				3E712F58220EF36A005264F0 /* PBXTargetDependency */,
			);
			name = PulseExerciseTests;
			productName = PulseExerciseTests;
			productReference = 3E712F56220EF36A005264F0 /* PulseExerciseTests.xctest */;
			productType = "com.apple.product-type.bundle.unit-test";
		};
/* End PBXNativeTarget section */

/* Begin PBXProject section */
		3E712F3A220EF369005264F0 /* Project object */ = {
			isa = PBXProject;
			attributes = {
				LastSwiftUpdateCheck = 1010;
				LastUpgradeCheck = 1010;
				ORGANIZATIONNAME = "Felix Fischer";
				TargetAttributes = {
					3E712F41220EF369005264F0 = {
						CreatedOnToolsVersion = 10.1;
					};
					3E712F55220EF36A005264F0 = {
						CreatedOnToolsVersion = 10.1;
						TestTargetID = 3E712F41220EF369005264F0;
					};
				};
			};
			buildConfigurationList = 3E712F3D220EF369005264F0 /* Build configuration list for PBXProject "PulseExercise" */;
			compatibilityVersion = "Xcode 9.3";
			developmentRegion = en;
			hasScannedForEncodings = 0;
			knownRegions = (
				en,
				Base,
			);
			mainGroup = 3E712F39220EF369005264F0;
			productRefGroup = 3E712F43220EF369005264F0 /* Products */;
			projectDirPath = "";
			projectRoot = "";
			targets = (
				3E712F41220EF369005264F0 /* PulseExercise */,
				3E712F55220EF36A005264F0 /* PulseExerciseTests */,
			);
		};
/* End PBXProject section */

/* Begin PBXResourcesBuildPhase section */
		3E712F40220EF369005264F0 /* Resources */ = {
			isa = PBXResourcesBuildPhase;
			buildActionMask = 2147483647;
			files = (
				3E712F50220EF36A005264F0 /* LaunchScreen.storyboard in Resources */,
				3E712F4D220EF36A005264F0 /* Assets.xcassets in Resources */,
				3E712F4B220EF369005264F0 /* Main.storyboard in Resources */,
			);
			runOnlyForDeploymentPostprocessing = 0;
		};
		3E712F54220EF36A005264F0 /* Resources */ = {
			isa = PBXResourcesBuildPhase;
			buildActionMask = 2147483647;
			files = (
			);
			runOnlyForDeploymentPostprocessing = 0;
		};
/* End PBXResourcesBuildPhase section */

/* Begin PBXSourcesBuildPhase section */
		3E712F3E220EF369005264F0 /* Sources */ = {
			isa = PBXSourcesBuildPhase;
			buildActionMask = 2147483647;
			files = (
				3E712F48220EF369005264F0 /* ViewController.swift in Sources */,
				3E712F46220EF369005264F0 /* AppDelegate.swift in Sources */,
			);
			runOnlyForDeploymentPostprocessing = 0;
		};
		3E712F52220EF36A005264F0 /* Sources */ = {
			isa = PBXSourcesBuildPhase;
			buildActionMask = 2147483647;
			files = (
				3E712F5B220EF36A005264F0 /* PulseExerciseTests.swift in Sources */,
			);
			runOnlyForDeploymentPostprocessing = 0;
		};
/* End PBXSourcesBuildPhase section */

/* Begin PBXTargetDependency section */
		3E712F58220EF36A005264F0 /* PBXTargetDependency */ = {
			isa = PBXTargetDependency;
			target = 3E712F41220EF369005264F0 /* PulseExercise */;
			targetProxy = 3E712F57220EF36A005264F0 /* PBXContainerItemProxy */;
		};
/* End PBXTargetDependency section */

/* Begin PBXVariantGroup section */
		3E712F49220EF369005264F0 /* Main.storyboard */ = {
			isa = PBXVariantGroup;
			children = (
				3E712F4A220EF369005264F0 /* Base */,
			);
			name = Main.storyboard;
			sourceTree = "<group>";
		};
		3E712F4E220EF36A005264F0 /* LaunchScreen.storyboard */ = {
			isa = PBXVariantGroup;
			children = (
				3E712F4F220EF36A005264F0 /* Base */,
			);
			name = LaunchScreen.storyboard;
			sourceTree = "<group>";
		};
/* End PBXVariantGroup section */

/* Begin XCBuildConfiguration section */
		3E712F5D220EF36A005264F0 /* Debug */ = {
			isa = XCBuildConfiguration;
			buildSettings = {
				ALWAYS_SEARCH_USER_PATHS = NO;
				CLANG_ANALYZER_NONNULL = YES;
				CLANG_ANALYZER_NUMBER_OBJECT_CONVERSION = YES_AGGRESSIVE;
				CLANG_CXX_LANGUAGE_STANDARD = "gnu++14";
				CLANG_CXX_LIBRARY = "libc++";
				CLANG_ENABLE_MODULES = YES;
				CLANG_ENABLE_OBJC_ARC = YES;
				CLANG_ENABLE_OBJC_WEAK = YES;
				CLANG_WARN_BLOCK_CAPTURE_AUTORELEASING = YES;
				CLANG_WARN_BOOL_CONVERSION = YES;
				CLANG_WARN_COMMA = YES;
				CLANG_WARN_CONSTANT_CONVERSION = YES;
				CLANG_WARN_DEPRECATED_OBJC_IMPLEMENTATIONS = YES;
				CLANG_WARN_DIRECT_OBJC_ISA_USAGE = YES_ERROR;
				CLANG_WARN_DOCUMENTATION_COMMENTS = YES;
				CLANG_WARN_EMPTY_BODY = YES;
				CLANG_WARN_ENUM_CONVERSION = YES;
				CLANG_WARN_INFINITE_RECURSION = YES;
				CLANG_WARN_INT_CONVERSION = YES;
				CLANG_WARN_NON_LITERAL_NULL_CONVERSION = YES;
				CLANG_WARN_OBJC_IMPLICIT_RETAIN_SELF = YES;
				CLANG_WARN_OBJC_LITERAL_CONVERSION = YES;
				CLANG_WARN_OBJC_ROOT_CLASS = YES_ERROR;
				CLANG_WARN_RANGE_LOOP_ANALYSIS = YES;
				CLANG_WARN_STRICT_PROTOTYPES = YES;
				CLANG_WARN_SUSPICIOUS_MOVE = YES;
				CLANG_WARN_UNGUARDED_AVAILABILITY = YES_AGGRESSIVE;
				CLANG_WARN_UNREACHABLE_CODE = YES;
				CLANG_WARN__DUPLICATE_METHOD_MATCH = YES;
				CODE_SIGN_IDENTITY = "iPhone Developer";
				COPY_PHASE_STRIP = NO;
				DEBUG_INFORMATION_FORMAT = dwarf;
				ENABLE_STRICT_OBJC_MSGSEND = YES;
				ENABLE_TESTABILITY = YES;
				GCC_C_LANGUAGE_STANDARD = gnu11;
				GCC_DYNAMIC_NO_PIC = NO;
				GCC_NO_COMMON_BLOCKS = YES;
				GCC_OPTIMIZATION_LEVEL = 0;
				GCC_PREPROCESSOR_DEFINITIONS = (
					"DEBUG=1",
					"$(inherited)",
				);
				GCC_WARN_64_TO_32_BIT_CONVERSION = YES;
				GCC_WARN_ABOUT_RETURN_TYPE = YES_ERROR;
				GCC_WARN_UNDECLARED_SELECTOR = YES;
				GCC_WARN_UNINITIALIZED_AUTOS = YES_AGGRESSIVE;
				GCC_WARN_UNUSED_FUNCTION = YES;
				GCC_WARN_UNUSED_VARIABLE = YES;
				IPHONEOS_DEPLOYMENT_TARGET = 12.1;
				MTL_ENABLE_DEBUG_INFO = INCLUDE_SOURCE;
				MTL_FAST_MATH = YES;
				ONLY_ACTIVE_ARCH = YES;
				SDKROOT = iphoneos;
				SWIFT_ACTIVE_COMPILATION_CONDITIONS = DEBUG;
				SWIFT_OPTIMIZATION_LEVEL = "-Onone";
			};
			name = Debug;
		};
		3E712F5E220EF36A005264F0 /* Release */ = {
			isa = XCBuildConfiguration;
			buildSettings = {
				ALWAYS_SEARCH_USER_PATHS = NO;
				CLANG_ANALYZER_NONNULL = YES;
				CLANG_ANALYZER_NUMBER_OBJECT_CONVERSION = YES_AGGRESSIVE;
				CLANG_CXX_LANGUAGE_STANDARD = "gnu++14";
				CLANG_CXX_LIBRARY = "libc++";
				CLANG_ENABLE_MODULES = YES;
				CLANG_ENABLE_OBJC_ARC = YES;
				CLANG_ENABLE_OBJC_WEAK = YES;
				CLANG_WARN_BLOCK_CAPTURE_AUTORELEASING = YES;
				CLANG_WARN_BOOL_CONVERSION = YES;
				CLANG_WARN_COMMA = YES;
				CLANG_WARN_CONSTANT_CONVERSION = YES;
				CLANG_WARN_DEPRECATED_OBJC_IMPLEMENTATIONS = YES;
				CLANG_WARN_DIRECT_OBJC_ISA_USAGE = YES_ERROR;
				CLANG_WARN_DOCUMENTATION_COMMENTS = YES;
				CLANG_WARN_EMPTY_BODY = YES;
				CLANG_WARN_ENUM_CONVERSION = YES;
				CLANG_WARN_INFINITE_RECURSION = YES;
				CLANG_WARN_INT_CONVERSION = YES;
				CLANG_WARN_NON_LITERAL_NULL_CONVERSION = YES;
				CLANG_WARN_OBJC_IMPLICIT_RETAIN_SELF = YES;
				CLANG_WARN_OBJC_LITERAL_CONVERSION = YES;
				CLANG_WARN_OBJC_ROOT_CLASS = YES_ERROR;
				CLANG_WARN_RANGE_LOOP_ANALYSIS = YES;
				CLANG_WARN_STRICT_PROTOTYPES = YES;
				CLANG_WARN_SUSPICIOUS_MOVE = YES;
				CLANG_WARN_UNGUARDED_AVAILABILITY = YES_AGGRESSIVE;
				CLANG_WARN_UNREACHABLE_CODE = YES;
				CLANG_WARN__DUPLICATE_METHOD_MATCH = YES;
				CODE_SIGN_IDENTITY = "iPhone Developer";
				COPY_PHASE_STRIP = NO;
				DEBUG_INFORMATION_FORMAT = "dwarf-with-dsym";
				ENABLE_NS_ASSERTIONS = NO;
				ENABLE_STRICT_OBJC_MSGSEND = YES;
				GCC_C_LANGUAGE_STANDARD = gnu11;
				GCC_NO_COMMON_BLOCKS = YES;
				GCC_WARN_64_TO_32_BIT_CONVERSION = YES;
				GCC_WARN_ABOUT_RETURN_TYPE = YES_ERROR;
				GCC_WARN_UNDECLARED_SELECTOR = YES;
				GCC_WARN_UNINITIALIZED_AUTOS = YES_AGGRESSIVE;
				GCC_WARN_UNUSED_FUNCTION = YES;
				GCC_WARN_UNUSED_VARIABLE = YES;
				IPHONEOS_DEPLOYMENT_TARGET = 12.1;
				MTL_ENABLE_DEBUG_INFO = NO;
				MTL_FAST_MATH = YES;
				SDKROOT = iphoneos;
				SWIFT_COMPILATION_MODE = wholemodule;
				SWIFT_OPTIMIZATION_LEVEL = "-O";
				VALIDATE_PRODUCT = YES;
			};
			name = Release;
		};
		3E712F60220EF36A005264F0 /* Debug */ = {
			isa = XCBuildConfiguration;
			buildSettings = {
				ASSETCATALOG_COMPILER_APPICON_NAME = AppIcon;
				CODE_SIGN_STYLE = Automatic;
				DEVELOPMENT_TEAM = N6KS8KE5T5;
				INFOPLIST_FILE = PulseExercise/Info.plist;
				LD_RUNPATH_SEARCH_PATHS = (
					"$(inherited)",
					"@executable_path/Frameworks",
				);
				PRODUCT_BUNDLE_IDENTIFIER = felixfischer.PulseExercise;
				PRODUCT_NAME = "$(TARGET_NAME)";
				SWIFT_VERSION = 4.2;
				TARGETED_DEVICE_FAMILY = "1,2";
			};
			name = Debug;
		};
		3E712F61220EF36A005264F0 /* Release */ = {
			isa = XCBuildConfiguration;
			buildSettings = {
				ASSETCATALOG_COMPILER_APPICON_NAME = AppIcon;
				CODE_SIGN_STYLE = Automatic;
				DEVELOPMENT_TEAM = N6KS8KE5T5;
				INFOPLIST_FILE = PulseExercise/Info.plist;
				LD_RUNPATH_SEARCH_PATHS = (
					"$(inherited)",
					"@executable_path/Frameworks",
				);
				PRODUCT_BUNDLE_IDENTIFIER = felixfischer.PulseExercise;
				PRODUCT_NAME = "$(TARGET_NAME)";
				SWIFT_VERSION = 4.2;
				TARGETED_DEVICE_FAMILY = "1,2";
			};
			name = Release;
		};
		3E712F63220EF36A005264F0 /* Debug */ = {
			isa = XCBuildConfiguration;
			buildSettings = {
				ALWAYS_EMBED_SWIFT_STANDARD_LIBRARIES = YES;
				BUNDLE_LOADER = "$(TEST_HOST)";
				CODE_SIGN_STYLE = Automatic;
				DEVELOPMENT_TEAM = N6KS8KE5T5;
				INFOPLIST_FILE = PulseExerciseTests/Info.plist;
				LD_RUNPATH_SEARCH_PATHS = (
					"$(inherited)",
					"@executable_path/Frameworks",
					"@loader_path/Frameworks",
				);
				PRODUCT_BUNDLE_IDENTIFIER = felixfischer.PulseExerciseTests;
				PRODUCT_NAME = "$(TARGET_NAME)";
				SWIFT_VERSION = 4.2;
				TARGETED_DEVICE_FAMILY = "1,2";
				TEST_HOST = "$(BUILT_PRODUCTS_DIR)/PulseExercise.app/PulseExercise";
			};
			name = Debug;
		};
		3E712F64220EF36A005264F0 /* Release */ = {
			isa = XCBuildConfiguration;
			buildSettings = {
				ALWAYS_EMBED_SWIFT_STANDARD_LIBRARIES = YES;
				BUNDLE_LOADER = "$(TEST_HOST)";
				CODE_SIGN_STYLE = Automatic;
				DEVELOPMENT_TEAM = N6KS8KE5T5;
				INFOPLIST_FILE = PulseExerciseTests/Info.plist;
				LD_RUNPATH_SEARCH_PATHS = (
					"$(inherited)",
					"@executable_path/Frameworks",
					"@loader_path/Frameworks",
				);
				PRODUCT_BUNDLE_IDENTIFIER = felixfischer.PulseExerciseTests;
				PRODUCT_NAME = "$(TARGET_NAME)";
				SWIFT_VERSION = 4.2;
				TARGETED_DEVICE_FAMILY = "1,2";
				TEST_HOST = "$(BUILT_PRODUCTS_DIR)/PulseExercise.app/PulseExercise";
			};
			name = Release;
		};
/* End XCBuildConfiguration section */

/* Begin XCConfigurationList section */
		3E712F3D220EF369005264F0 /* Build configuration list for PBXProject "PulseExercise" */ = {
			isa = XCConfigurationList;
			buildConfigurations = (
				3E712F5D220EF36A005264F0 /* Debug */,
				3E712F5E220EF36A005264F0 /* Release */,
			);
			defaultConfigurationIsVisible = 0;
			defaultConfigurationName = Release;
		};
		3E712F5F220EF36A005264F0 /* Build configuration list for PBXNativeTarget "PulseExercise" */ = {
			isa = XCConfigurationList;
			buildConfigurations = (
				3E712F60220EF36A005264F0 /* Debug */,
				3E712F61220EF36A005264F0 /* Release */,
			);
			defaultConfigurationIsVisible = 0;
			defaultConfigurationName = Release;
		};
		3E712F62220EF36A005264F0 /* Build configuration list for PBXNativeTarget "PulseExerciseTests" */ = {
			isa = XCConfigurationList;
			buildConfigurations = (
				3E712F63220EF36A005264F0 /* Debug */,
				3E712F64220EF36A005264F0 /* Release */,
			);
			defaultConfigurationIsVisible = 0;
			defaultConfigurationName = Release;
		};
/* End XCConfigurationList section */
	};
	rootObject = 3E712F3A220EF369005264F0 /* Project object */;
}
